
Microsoft Visual Studio Solution File, Format Version 12.00
# Visual Studio Version 16
VisualStudioVersion = 16.0.31624.102
MinimumVisualStudioVersion = 10.0.40219.1
Project("{9A19103F-16F7-4668-BE54-9A1E7A4F7556}") = "AcademyG.Week1.Console", "AcademyG.Week1.Console\AcademyG.Week1.Console.csproj", "{B003A327-7CCE-43D7-9D5E-E73D705E30F3}"
EndProject
Project("{FAE04EC0-301F-11D3-BF4B-00C04F79EFBC}") = "AcademyG.Week1.DelegateAndEventi", "AcademyG.Week1.DelegateAndEventi\AcademyG.Week1.DelegateAndEventi.csproj", "{D5DA69A3-28FA-498E-BEE7-7BC9FE9A97E2}"
EndProject
Project("{FAE04EC0-301F-11D3-BF4B-00C04F79EFBC}") = "AcademyG.Week1.Watcher", "AcademyG.Week1.Watcher\AcademyG.Week1.Watcher.csproj", "{BBB962B3-1FD0-496F-BF4F-CB523C67DD23}"
EndProject
Global
	GlobalSection(SolutionConfigurationPlatforms) = preSolution
		Debug|Any CPU = Debug|Any CPU
		Release|Any CPU = Release|Any CPU
	EndGlobalSection
	GlobalSection(ProjectConfigurationPlatforms) = postSolution
		{B003A327-7CCE-43D7-9D5E-E73D705E30F3}.Debug|Any CPU.ActiveCfg = Debug|Any CPU
		{B003A327-7CCE-43D7-9D5E-E73D705E30F3}.Debug|Any CPU.Build.0 = Debug|Any CPU
		{B003A327-7CCE-43D7-9D5E-E73D705E30F3}.Release|Any CPU.ActiveCfg = Release|Any CPU
		{B003A327-7CCE-43D7-9D5E-E73D705E30F3}.Release|Any CPU.Build.0 = Release|Any CPU
		{D5DA69A3-28FA-498E-BEE7-7BC9FE9A97E2}.Debug|Any CPU.ActiveCfg = Debug|Any CPU
		{D5DA69A3-28FA-498E-BEE7-7BC9FE9A97E2}.Debug|Any CPU.Build.0 = Debug|Any CPU
		{D5DA69A3-28FA-498E-BEE7-7BC9FE9A97E2}.Release|Any CPU.ActiveCfg = Release|Any CPU
		{D5DA69A3-28FA-498E-BEE7-7BC9FE9A97E2}.Release|Any CPU.Build.0 = Release|Any CPU
		{BBB962B3-1FD0-496F-BF4F-CB523C67DD23}.Debug|Any CPU.ActiveCfg = Debug|Any CPU
		{BBB962B3-1FD0-496F-BF4F-CB523C67DD23}.Debug|Any CPU.Build.0 = Debug|Any CPU
		{BBB962B3-1FD0-496F-BF4F-CB523C67DD23}.Release|Any CPU.ActiveCfg = Release|Any CPU
		{BBB962B3-1FD0-496F-BF4F-CB523C67DD23}.Release|Any CPU.Build.0 = Release|Any CPU
	EndGlobalSection
	GlobalSection(SolutionProperties) = preSolution
		HideSolutionNode = FALSE
	EndGlobalSection
	GlobalSection(ExtensibilityGlobals) = postSolution
		SolutionGuid = {BE788EC1-C6CD-4245-A50E-FF5EFA8676B0}
	EndGlobalSection
EndGlobal
