
Microsoft Visual Studio Solution File, Format Version 12.00
# Visual Studio Version 16
VisualStudioVersion = 16.0.31624.102
MinimumVisualStudioVersion = 10.0.40219.1
Project("{9A19103F-16F7-4668-BE54-9A1E7A4F7556}") = "AcademyG.Week1.Console", "AcademyG.Week1.Console\AcademyG.Week1.Console.csproj", "{B003A327-7CCE-43D7-9D5E-E73D705E30F3}"
EndProject
Project("{9A19103F-16F7-4668-BE54-9A1E7A4F7556}") = "AcademyG.Week1.DelegateAndEventi", "AcademyG.Week1.DelegateAndEventi\AcademyG.Week1.DelegateAndEventi.csproj", "{D5DA69A3-28FA-498E-BEE7-7BC9FE9A97E2}"
EndProject
Project("{9A19103F-16F7-4668-BE54-9A1E7A4F7556}") = "AcademyG.Week1.Watcher", "AcademyG.Week1.Watcher\AcademyG.Week1.Watcher.csproj", "{BBB962B3-1FD0-496F-BF4F-CB523C67DD23}"
EndProject
Project("{9A19103F-16F7-4668-BE54-9A1E7A4F7556}") = "AcademyG.Week1.FigureGeometriche", "AcademyG.Week1.FigureGeometriche\AcademyG.Week1.FigureGeometriche.csproj", "{A4A0F68E-29C4-4401-A8EC-58ADB170BA00}"
EndProject
Project("{FAE04EC0-301F-11D3-BF4B-00C04F79EFBC}") = "AcademyG.Week1.FactoryPattern", "AcademyG.Week1.FactoryPattern\AcademyG.Week1.FactoryPattern.csproj", "{747D8D66-A397-4F47-839C-87CCF73BB8DA}"
EndProject
Project("{FAE04EC0-301F-11D3-BF4B-00C04F79EFBC}") = "AcademyG.Week1.ChainOfResp", "AcademyG.Week1.ChainOfResp\AcademyG.Week1.ChainOfResp.csproj", "{5844DB72-528F-4360-B792-BA8626469539}"
EndProject
Project("{FAE04EC0-301F-11D3-BF4B-00C04F79EFBC}") = "AcademyG.Week1.Esercitazione3", "AcademyG.Week1.Esercitazione3\AcademyG.Week1.Esercitazione3.csproj", "{A9588911-ACD3-4BFE-A86B-AB99BC3676DB}"
EndProject
Global
	GlobalSection(SolutionConfigurationPlatforms) = preSolution
		Debug|Any CPU = Debug|Any CPU
		Release|Any CPU = Release|Any CPU
	EndGlobalSection
	GlobalSection(ProjectConfigurationPlatforms) = postSolution
		{B003A327-7CCE-43D7-9D5E-E73D705E30F3}.Debug|Any CPU.ActiveCfg = Debug|Any CPU
		{B003A327-7CCE-43D7-9D5E-E73D705E30F3}.Debug|Any CPU.Build.0 = Debug|Any CPU
		{B003A327-7CCE-43D7-9D5E-E73D705E30F3}.Release|Any CPU.ActiveCfg = Release|Any CPU
		{B003A327-7CCE-43D7-9D5E-E73D705E30F3}.Release|Any CPU.Build.0 = Release|Any CPU
		{D5DA69A3-28FA-498E-BEE7-7BC9FE9A97E2}.Debug|Any CPU.ActiveCfg = Debug|Any CPU
		{D5DA69A3-28FA-498E-BEE7-7BC9FE9A97E2}.Debug|Any CPU.Build.0 = Debug|Any CPU
		{D5DA69A3-28FA-498E-BEE7-7BC9FE9A97E2}.Release|Any CPU.ActiveCfg = Release|Any CPU
		{D5DA69A3-28FA-498E-BEE7-7BC9FE9A97E2}.Release|Any CPU.Build.0 = Release|Any CPU
		{BBB962B3-1FD0-496F-BF4F-CB523C67DD23}.Debug|Any CPU.ActiveCfg = Debug|Any CPU
		{BBB962B3-1FD0-496F-BF4F-CB523C67DD23}.Debug|Any CPU.Build.0 = Debug|Any CPU
		{BBB962B3-1FD0-496F-BF4F-CB523C67DD23}.Release|Any CPU.ActiveCfg = Release|Any CPU
		{BBB962B3-1FD0-496F-BF4F-CB523C67DD23}.Release|Any CPU.Build.0 = Release|Any CPU
		{A4A0F68E-29C4-4401-A8EC-58ADB170BA00}.Debug|Any CPU.ActiveCfg = Debug|Any CPU
		{A4A0F68E-29C4-4401-A8EC-58ADB170BA00}.Debug|Any CPU.Build.0 = Debug|Any CPU
		{A4A0F68E-29C4-4401-A8EC-58ADB170BA00}.Release|Any CPU.ActiveCfg = Release|Any CPU
		{A4A0F68E-29C4-4401-A8EC-58ADB170BA00}.Release|Any CPU.Build.0 = Release|Any CPU
		{747D8D66-A397-4F47-839C-87CCF73BB8DA}.Debug|Any CPU.ActiveCfg = Debug|Any CPU
		{747D8D66-A397-4F47-839C-87CCF73BB8DA}.Debug|Any CPU.Build.0 = Debug|Any CPU
		{747D8D66-A397-4F47-839C-87CCF73BB8DA}.Release|Any CPU.ActiveCfg = Release|Any CPU
		{747D8D66-A397-4F47-839C-87CCF73BB8DA}.Release|Any CPU.Build.0 = Release|Any CPU
		{5844DB72-528F-4360-B792-BA8626469539}.Debug|Any CPU.ActiveCfg = Debug|Any CPU
		{5844DB72-528F-4360-B792-BA8626469539}.Debug|Any CPU.Build.0 = Debug|Any CPU
		{5844DB72-528F-4360-B792-BA8626469539}.Release|Any CPU.ActiveCfg = Release|Any CPU
		{5844DB72-528F-4360-B792-BA8626469539}.Release|Any CPU.Build.0 = Release|Any CPU
		{A9588911-ACD3-4BFE-A86B-AB99BC3676DB}.Debug|Any CPU.ActiveCfg = Debug|Any CPU
		{A9588911-ACD3-4BFE-A86B-AB99BC3676DB}.Debug|Any CPU.Build.0 = Debug|Any CPU
		{A9588911-ACD3-4BFE-A86B-AB99BC3676DB}.Release|Any CPU.ActiveCfg = Release|Any CPU
		{A9588911-ACD3-4BFE-A86B-AB99BC3676DB}.Release|Any CPU.Build.0 = Release|Any CPU
	EndGlobalSection
	GlobalSection(SolutionProperties) = preSolution
		HideSolutionNode = FALSE
	EndGlobalSection
	GlobalSection(ExtensibilityGlobals) = postSolution
		SolutionGuid = {BE788EC1-C6CD-4245-A50E-FF5EFA8676B0}
	EndGlobalSection
EndGlobal
